
Microsoft Visual Studio Solution File, Format Version 12.00
# Visual Studio Version 17
VisualStudioVersion = 17.3.32929.385
MinimumVisualStudioVersion = 10.0.40219.1
Project("{9092AA53-FB77-4645-B42D-1CCCA6BD08BD}") = "expl_2dAct", "expl_2dAct\expl_2dAct.njsproj", "{2AE74E80-780F-4415-97F0-1329F69EBD93}"
EndProject
Global
	GlobalSection(SolutionConfigurationPlatforms) = preSolution
		Debug|Any CPU = Debug|Any CPU
		Release|Any CPU = Release|Any CPU
	EndGlobalSection
	GlobalSection(ProjectConfigurationPlatforms) = postSolution
		{2AE74E80-780F-4415-97F0-1329F69EBD93}.Debug|Any CPU.ActiveCfg = Debug|Any CPU
		{2AE74E80-780F-4415-97F0-1329F69EBD93}.Debug|Any CPU.Build.0 = Debug|Any CPU
		{2AE74E80-780F-4415-97F0-1329F69EBD93}.Release|Any CPU.ActiveCfg = Release|Any CPU
		{2AE74E80-780F-4415-97F0-1329F69EBD93}.Release|Any CPU.Build.0 = Release|Any CPU
	EndGlobalSection
	GlobalSection(SolutionProperties) = preSolution
		HideSolutionNode = FALSE
	EndGlobalSection
	GlobalSection(ExtensibilityGlobals) = postSolution
		SolutionGuid = {4241078C-FBAC-41D5-AD77-012C5C6D3AEB}
	EndGlobalSection
EndGlobal
